
Microsoft Visual Studio Solution File, Format Version 12.00
# Visual Studio Version 17
VisualStudioVersion = 17.2.32526.322
MinimumVisualStudioVersion = 10.0.40219.1
Project("{FAE04EC0-301F-11D3-BF4B-00C04F79EFBC}") = "PrintPalSearch", "PrintPalSearch\PrintPalSearch.csproj", "{BE36FA24-F451-44C4-9E9C-3EE093A606FA}"
EndProject
Global
	GlobalSection(SolutionConfigurationPlatforms) = preSolution
		Debug|Any CPU = Debug|Any CPU
		Release|Any CPU = Release|Any CPU
	EndGlobalSection
	GlobalSection(ProjectConfigurationPlatforms) = postSolution
		{BE36FA24-F451-44C4-9E9C-3EE093A606FA}.Debug|Any CPU.ActiveCfg = Debug|Any CPU
		{BE36FA24-F451-44C4-9E9C-3EE093A606FA}.Debug|Any CPU.Build.0 = Debug|Any CPU
		{BE36FA24-F451-44C4-9E9C-3EE093A606FA}.Release|Any CPU.ActiveCfg = Release|Any CPU
		{BE36FA24-F451-44C4-9E9C-3EE093A606FA}.Release|Any CPU.Build.0 = Release|Any CPU
	EndGlobalSection
	GlobalSection(SolutionProperties) = preSolution
		HideSolutionNode = FALSE
	EndGlobalSection
	GlobalSection(ExtensibilityGlobals) = postSolution
		SolutionGuid = {83E75D97-4A1A-40AB-9AF9-5995FD239959}
	EndGlobalSection
EndGlobal
